
Microsoft Visual Studio Solution File, Format Version 12.00
# Visual Studio Version 17
VisualStudioVersion = 17.8.34004.107
MinimumVisualStudioVersion = 10.0.40219.1
Project("{9A19103F-16F7-4668-BE54-9A1E7A4F7556}") = "BulkyWeb", "BulkyWeb\BulkyWeb.csproj", "{5F1B4EA6-10B9-4526-83AC-6F112EDFA933}"
EndProject
Project("{9A19103F-16F7-4668-BE54-9A1E7A4F7556}") = "BulkyWebRazor_Temp", "BulkyWebRazor_Temp\BulkyWebRazor_Temp.csproj", "{9E7D224E-5ABA-4346-88E6-EF109D015387}"
EndProject
Project("{FAE04EC0-301F-11D3-BF4B-00C04F79EFBC}") = "Bulky.DataAccess", "Bulky.DataAccess\Bulky.DataAccess.csproj", "{F70EDDF6-E0E7-404B-8DF6-022DA56EF9D8}"
EndProject
Project("{FAE04EC0-301F-11D3-BF4B-00C04F79EFBC}") = "Bulky.Models", "Bulky.Models\Bulky.Models.csproj", "{D06DAECA-BF8D-4460-A59B-AEF14CC0DE36}"
EndProject
Project("{FAE04EC0-301F-11D3-BF4B-00C04F79EFBC}") = "Bulky.Utility", "Bulky.Utility\Bulky.Utility.csproj", "{D79836A3-5D1F-4ABE-ADB5-8938237EF24B}"
EndProject
Global
	GlobalSection(SolutionConfigurationPlatforms) = preSolution
		Debug|Any CPU = Debug|Any CPU
		Release|Any CPU = Release|Any CPU
	EndGlobalSection
	GlobalSection(ProjectConfigurationPlatforms) = postSolution
		{5F1B4EA6-10B9-4526-83AC-6F112EDFA933}.Debug|Any CPU.ActiveCfg = Debug|Any CPU
		{5F1B4EA6-10B9-4526-83AC-6F112EDFA933}.Debug|Any CPU.Build.0 = Debug|Any CPU
		{5F1B4EA6-10B9-4526-83AC-6F112EDFA933}.Release|Any CPU.ActiveCfg = Release|Any CPU
		{5F1B4EA6-10B9-4526-83AC-6F112EDFA933}.Release|Any CPU.Build.0 = Release|Any CPU
		{9E7D224E-5ABA-4346-88E6-EF109D015387}.Debug|Any CPU.ActiveCfg = Debug|Any CPU
		{9E7D224E-5ABA-4346-88E6-EF109D015387}.Debug|Any CPU.Build.0 = Debug|Any CPU
		{9E7D224E-5ABA-4346-88E6-EF109D015387}.Release|Any CPU.ActiveCfg = Release|Any CPU
		{9E7D224E-5ABA-4346-88E6-EF109D015387}.Release|Any CPU.Build.0 = Release|Any CPU
		{F70EDDF6-E0E7-404B-8DF6-022DA56EF9D8}.Debug|Any CPU.ActiveCfg = Debug|Any CPU
		{F70EDDF6-E0E7-404B-8DF6-022DA56EF9D8}.Debug|Any CPU.Build.0 = Debug|Any CPU
		{F70EDDF6-E0E7-404B-8DF6-022DA56EF9D8}.Release|Any CPU.ActiveCfg = Release|Any CPU
		{F70EDDF6-E0E7-404B-8DF6-022DA56EF9D8}.Release|Any CPU.Build.0 = Release|Any CPU
		{D06DAECA-BF8D-4460-A59B-AEF14CC0DE36}.Debug|Any CPU.ActiveCfg = Debug|Any CPU
		{D06DAECA-BF8D-4460-A59B-AEF14CC0DE36}.Debug|Any CPU.Build.0 = Debug|Any CPU
		{D06DAECA-BF8D-4460-A59B-AEF14CC0DE36}.Release|Any CPU.ActiveCfg = Release|Any CPU
		{D06DAECA-BF8D-4460-A59B-AEF14CC0DE36}.Release|Any CPU.Build.0 = Release|Any CPU
		{D79836A3-5D1F-4ABE-ADB5-8938237EF24B}.Debug|Any CPU.ActiveCfg = Debug|Any CPU
		{D79836A3-5D1F-4ABE-ADB5-8938237EF24B}.Debug|Any CPU.Build.0 = Debug|Any CPU
		{D79836A3-5D1F-4ABE-ADB5-8938237EF24B}.Release|Any CPU.ActiveCfg = Release|Any CPU
		{D79836A3-5D1F-4ABE-ADB5-8938237EF24B}.Release|Any CPU.Build.0 = Release|Any CPU
	EndGlobalSection
	GlobalSection(SolutionProperties) = preSolution
		HideSolutionNode = FALSE
	EndGlobalSection
	GlobalSection(ExtensibilityGlobals) = postSolution
		SolutionGuid = {5F4B3848-38AC-4D6A-A1E2-67686A7838DA}
	EndGlobalSection
EndGlobal
